
Microsoft Visual Studio Solution File, Format Version 12.00
# Visual Studio Version 16
VisualStudioVersion = 16.0.33130.400
MinimumVisualStudioVersion = 10.0.40219.1
Project("{FAE04EC0-301F-11D3-BF4B-00C04F79EFBC}") = "AbcSoftwareSolution", "AbcSoftwareSolution\AbcSoftwareSolution.csproj", "{B6588CD5-4B5F-4B11-A155-A7AF1F2CD90F}"
EndProject
Global
	GlobalSection(SolutionConfigurationPlatforms) = preSolution
		Debug|Any CPU = Debug|Any CPU
		Release|Any CPU = Release|Any CPU
	EndGlobalSection
	GlobalSection(ProjectConfigurationPlatforms) = postSolution
		{B6588CD5-4B5F-4B11-A155-A7AF1F2CD90F}.Debug|Any CPU.ActiveCfg = Debug|Any CPU
		{B6588CD5-4B5F-4B11-A155-A7AF1F2CD90F}.Debug|Any CPU.Build.0 = Debug|Any CPU
		{B6588CD5-4B5F-4B11-A155-A7AF1F2CD90F}.Release|Any CPU.ActiveCfg = Release|Any CPU
		{B6588CD5-4B5F-4B11-A155-A7AF1F2CD90F}.Release|Any CPU.Build.0 = Release|Any CPU
	EndGlobalSection
	GlobalSection(SolutionProperties) = preSolution
		HideSolutionNode = FALSE
	EndGlobalSection
	GlobalSection(ExtensibilityGlobals) = postSolution
		SolutionGuid = {1E5A45AD-FFC1-48CD-A66C-46FB8816F64D}
	EndGlobalSection
EndGlobal
